
Microsoft Visual Studio Solution File, Format Version 12.00
# Visual Studio Version 17
VisualStudioVersion = 17.2.32616.157
MinimumVisualStudioVersion = 10.0.40219.1
Project("{9A19103F-16F7-4668-BE54-9A1E7A4F7556}") = "JY.ArrayUtility", "JY.ArrayUtility\JY.ArrayUtility.csproj", "{ACE70850-CF35-46FE-964F-67DE1CBCD7A7}"
EndProject
Project("{9A19103F-16F7-4668-BE54-9A1E7A4F7556}") = "JY.DSP.Fundamental", "JY.DSP.Fundamental\JY.DSP.Fundamental.csproj", "{DF51E595-D154-4838-BA34-44820E6B0A7D}"
EndProject
Project("{9A19103F-16F7-4668-BE54-9A1E7A4F7556}") = "JY.GUI", "JY.GUI\JY.GUI.csproj", "{32E3B3E9-24A7-43A7-80CF-AFCE6A2F7FC1}"
EndProject
Project("{9A19103F-16F7-4668-BE54-9A1E7A4F7556}") = "JY.Mathematics", "JY.Mathematics\JY.Mathematics.csproj", "{872E01FA-95CD-41C8-9B9C-C09FE142F324}"
EndProject
Project("{9A19103F-16F7-4668-BE54-9A1E7A4F7556}") = "JY.File", "JY.File\JY.File.csproj", "{EF10C22C-2104-4DBB-81D3-4233CB5419C5}"
EndProject
Global
	GlobalSection(SolutionConfigurationPlatforms) = preSolution
		Debug|Any CPU = Debug|Any CPU
		Debug|x86 = Debug|x86
		Release|Any CPU = Release|Any CPU
		Release|x86 = Release|x86
	EndGlobalSection
	GlobalSection(ProjectConfigurationPlatforms) = postSolution
		{ACE70850-CF35-46FE-964F-67DE1CBCD7A7}.Debug|Any CPU.ActiveCfg = Debug|Any CPU
		{ACE70850-CF35-46FE-964F-67DE1CBCD7A7}.Debug|Any CPU.Build.0 = Debug|Any CPU
		{ACE70850-CF35-46FE-964F-67DE1CBCD7A7}.Debug|x86.ActiveCfg = Debug|Any CPU
		{ACE70850-CF35-46FE-964F-67DE1CBCD7A7}.Debug|x86.Build.0 = Debug|Any CPU
		{ACE70850-CF35-46FE-964F-67DE1CBCD7A7}.Release|Any CPU.ActiveCfg = Release|Any CPU
		{ACE70850-CF35-46FE-964F-67DE1CBCD7A7}.Release|Any CPU.Build.0 = Release|Any CPU
		{ACE70850-CF35-46FE-964F-67DE1CBCD7A7}.Release|x86.ActiveCfg = Release|Any CPU
		{ACE70850-CF35-46FE-964F-67DE1CBCD7A7}.Release|x86.Build.0 = Release|Any CPU
		{DF51E595-D154-4838-BA34-44820E6B0A7D}.Debug|Any CPU.ActiveCfg = Debug|Any CPU
		{DF51E595-D154-4838-BA34-44820E6B0A7D}.Debug|Any CPU.Build.0 = Debug|Any CPU
		{DF51E595-D154-4838-BA34-44820E6B0A7D}.Debug|x86.ActiveCfg = Debug|Any CPU
		{DF51E595-D154-4838-BA34-44820E6B0A7D}.Debug|x86.Build.0 = Debug|Any CPU
		{DF51E595-D154-4838-BA34-44820E6B0A7D}.Release|Any CPU.ActiveCfg = Release|Any CPU
		{DF51E595-D154-4838-BA34-44820E6B0A7D}.Release|Any CPU.Build.0 = Release|Any CPU
		{DF51E595-D154-4838-BA34-44820E6B0A7D}.Release|x86.ActiveCfg = Release|Any CPU
		{DF51E595-D154-4838-BA34-44820E6B0A7D}.Release|x86.Build.0 = Release|Any CPU
		{32E3B3E9-24A7-43A7-80CF-AFCE6A2F7FC1}.Debug|Any CPU.ActiveCfg = Debug|Any CPU
		{32E3B3E9-24A7-43A7-80CF-AFCE6A2F7FC1}.Debug|Any CPU.Build.0 = Debug|Any CPU
		{32E3B3E9-24A7-43A7-80CF-AFCE6A2F7FC1}.Debug|x86.ActiveCfg = Debug|Any CPU
		{32E3B3E9-24A7-43A7-80CF-AFCE6A2F7FC1}.Debug|x86.Build.0 = Debug|Any CPU
		{32E3B3E9-24A7-43A7-80CF-AFCE6A2F7FC1}.Release|Any CPU.ActiveCfg = Release|Any CPU
		{32E3B3E9-24A7-43A7-80CF-AFCE6A2F7FC1}.Release|Any CPU.Build.0 = Release|Any CPU
		{32E3B3E9-24A7-43A7-80CF-AFCE6A2F7FC1}.Release|x86.ActiveCfg = Release|Any CPU
		{32E3B3E9-24A7-43A7-80CF-AFCE6A2F7FC1}.Release|x86.Build.0 = Release|Any CPU
		{872E01FA-95CD-41C8-9B9C-C09FE142F324}.Debug|Any CPU.ActiveCfg = Debug|Any CPU
		{872E01FA-95CD-41C8-9B9C-C09FE142F324}.Debug|Any CPU.Build.0 = Debug|Any CPU
		{872E01FA-95CD-41C8-9B9C-C09FE142F324}.Debug|x86.ActiveCfg = Debug|Any CPU
		{872E01FA-95CD-41C8-9B9C-C09FE142F324}.Debug|x86.Build.0 = Debug|Any CPU
		{872E01FA-95CD-41C8-9B9C-C09FE142F324}.Release|Any CPU.ActiveCfg = Release|Any CPU
		{872E01FA-95CD-41C8-9B9C-C09FE142F324}.Release|Any CPU.Build.0 = Release|Any CPU
		{872E01FA-95CD-41C8-9B9C-C09FE142F324}.Release|x86.ActiveCfg = Release|Any CPU
		{872E01FA-95CD-41C8-9B9C-C09FE142F324}.Release|x86.Build.0 = Release|Any CPU
		{EF10C22C-2104-4DBB-81D3-4233CB5419C5}.Debug|Any CPU.ActiveCfg = Debug|Any CPU
		{EF10C22C-2104-4DBB-81D3-4233CB5419C5}.Debug|Any CPU.Build.0 = Debug|Any CPU
		{EF10C22C-2104-4DBB-81D3-4233CB5419C5}.Debug|x86.ActiveCfg = Debug|Any CPU
		{EF10C22C-2104-4DBB-81D3-4233CB5419C5}.Debug|x86.Build.0 = Debug|Any CPU
		{EF10C22C-2104-4DBB-81D3-4233CB5419C5}.Release|Any CPU.ActiveCfg = Release|Any CPU
		{EF10C22C-2104-4DBB-81D3-4233CB5419C5}.Release|Any CPU.Build.0 = Release|Any CPU
		{EF10C22C-2104-4DBB-81D3-4233CB5419C5}.Release|x86.ActiveCfg = Release|Any CPU
		{EF10C22C-2104-4DBB-81D3-4233CB5419C5}.Release|x86.Build.0 = Release|Any CPU
	EndGlobalSection
	GlobalSection(SolutionProperties) = preSolution
		HideSolutionNode = FALSE
	EndGlobalSection
	GlobalSection(ExtensibilityGlobals) = postSolution
		SolutionGuid = {4205770D-BB89-4A57-B5B7-AD0D40C75DDD}
	EndGlobalSection
EndGlobal
